// !$*UTF8*$!
{
	archiveVersion = 1;
	classes = {
	};
	objectVersion = 77;
	objects = {

/* Begin PBXBuildFile section */
		008EADA54611F2118A61DB42 /* LogRow.swift in Sources */ = {isa = PBXBuildFile; fileRef = C12E57B6D840EE59123B45F5 /* LogRow.swift */; };
		029C02E7D76246B98F4F6C8B /* GroceriesDestinationView.swift in Sources */ = {isa = PBXBuildFile; fileRef = 83E5755C28C6B3D53D9031A7 /* GroceriesDestinationView.swift */; };
		0448F507E1F1600F9933AEED /* Models.swift in Sources */ = {isa = PBXBuildFile; fileRef = 7D5ECFDA9128B73993023CB6 /* Models.swift */; };
		06F8765D7D9BA1A94FE3984D /* NextView.swift in Sources */ = {isa = PBXBuildFile; fileRef = FB6D9FD80512D4CD62AEFFFD /* NextView.swift */; };
		07B127F5FBCE0DE19AFCD387 /* SectionTheme.swift in Sources */ = {isa = PBXBuildFile; fileRef = C03DC46C772E45B60ECB7343 /* SectionTheme.swift */; };
		09C5366893B7255E08295C88 /* App.swift in Sources */ = {isa = PBXBuildFile; fileRef = BBD31B55684A505738EB624C /* App.swift */; };
		0EA3AE94FFBC7CC6A2869E36 /* TaskCommands.swift in Sources */ = {isa = PBXBuildFile; fileRef = 486793A66A22C3DA7809337B /* TaskCommands.swift */; };
		0ED59BE06DEBD263BBFA0D91 /* BadgeManager.swift in Sources */ = {isa = PBXBuildFile; fileRef = 8EC7C9D9CAC52C91AFE79AE7 /* BadgeManager.swift */; };
		0FABD76594A04A8968E1A04B /* PlatformShims.swift in Sources */ = {isa = PBXBuildFile; fileRef = EF52BF4594608E7B7D09AA48 /* PlatformShims.swift */; };
		12B60ABACC409D80030283D9 /* SupplementsDestinationView.swift in Sources */ = {isa = PBXBuildFile; fileRef = FEF9F7EF4C95C591355F2B0E /* SupplementsDestinationView.swift */; };
		187093B93D48863B5E1E1E37 /* RemindersBridge.swift in Sources */ = {isa = PBXBuildFile; fileRef = 561130AE996F0E92FE02767D /* RemindersBridge.swift */; };
		18C336321218C66D6B8DB652 /* TaskDetailView.swift in Sources */ = {isa = PBXBuildFile; fileRef = 2D413F054F59B2A90A319154 /* TaskDetailView.swift */; };
		1C848EE6B229B8FEE079CD97 /* SettingsView.swift in Sources */ = {isa = PBXBuildFile; fileRef = 5213158B9AA9106BBAA03D41 /* SettingsView.swift */; };
		1CCEDBAD872A0FA179B960A7 /* SleepDestinationView.swift in Sources */ = {isa = PBXBuildFile; fileRef = 8387091CC3EEBBBB0A543D5B /* SleepDestinationView.swift */; };
		1D16A641ABEC4D4CCA37145F /* Theme.swift in Sources */ = {isa = PBXBuildFile; fileRef = D4A07E6C15CC294172DF5D20 /* Theme.swift */; };
		2741B6F5233E5619A7057258 /* TaskListView.swift in Sources */ = {isa = PBXBuildFile; fileRef = 9B92826563E8E24C2A8F22B9 /* TaskListView.swift */; };
		28777ACD729D9C78846219C4 /* Haptics.swift in Sources */ = {isa = PBXBuildFile; fileRef = 53F4DAE3E470C1D3C5E049C6 /* Haptics.swift */; };
		350BABC5882550125A41C46D /* GroceriesDestinationView.swift in Sources */ = {isa = PBXBuildFile; fileRef = 83E5755C28C6B3D53D9031A7 /* GroceriesDestinationView.swift */; };
		36325B1E6E5A771C01028105 /* Info.plist in Resources */ = {isa = PBXBuildFile; fileRef = 31313A0E804B33A3E43FC1F6 /* Info.plist */; };
		3D19536CFB66987D6D5C7642 /* Info-Mac.plist in Resources */ = {isa = PBXBuildFile; fileRef = 5B49A0D20B2ECD672137900F /* Info-Mac.plist */; };
		3F005BC1D6AB964EA48E05C3 /* PlatformShims.swift in Sources */ = {isa = PBXBuildFile; fileRef = EF52BF4594608E7B7D09AA48 /* PlatformShims.swift */; };
		486D927C7874CAFC8AEDCCB4 /* SupplementsDestinationView.swift in Sources */ = {isa = PBXBuildFile; fileRef = FEF9F7EF4C95C591355F2B0E /* SupplementsDestinationView.swift */; };
		49263C8544F1327022162722 /* NutritionDestinationView.swift in Sources */ = {isa = PBXBuildFile; fileRef = 85180CEA5751AEC394B4F796 /* NutritionDestinationView.swift */; };
		4A9BF2842C0AC601AF8B7099 /* Persistence.swift in Sources */ = {isa = PBXBuildFile; fileRef = 25DC8E705099DB99718A8596 /* Persistence.swift */; };
		513C8B1D41E5BA85B785129C /* DateParser.swift in Sources */ = {isa = PBXBuildFile; fileRef = 1E25F81FE5AA4B6BBC056275 /* DateParser.swift */; };
		5330AF71083A1F3514B862B8 /* Haptics.swift in Sources */ = {isa = PBXBuildFile; fileRef = 53F4DAE3E470C1D3C5E049C6 /* Haptics.swift */; };
		55C20E76DB4BB1B7C3306925 /* RemindersImportView.swift in Sources */ = {isa = PBXBuildFile; fileRef = E0BB64F31640C03CD64DF855 /* RemindersImportView.swift */; };
		56E87EA383673A4ACE86F2CD /* BadgeManager.swift in Sources */ = {isa = PBXBuildFile; fileRef = 8EC7C9D9CAC52C91AFE79AE7 /* BadgeManager.swift */; };
		59D1D3BB3E05AF32C782A9C7 /* AppIcon.icns in Resources */ = {isa = PBXBuildFile; fileRef = E17D3542734AB0B32527C12C /* AppIcon.icns */; };
		5E4D0521FCB855EC9C825443 /* AirDestinationView.swift in Sources */ = {isa = PBXBuildFile; fileRef = CDCA5F7AD926593502A0DDA8 /* AirDestinationView.swift */; };
		5ED33F95694C104969333EAD /* AreasProjectsView.swift in Sources */ = {isa = PBXBuildFile; fileRef = 9A5C26629FE8A4DF019B9784 /* AreasProjectsView.swift */; };
		63B5D55FED0B0465C2BBEE96 /* SearchTabView.swift in Sources */ = {isa = PBXBuildFile; fileRef = AA46304BE6907DF5990B15C7 /* SearchTabView.swift */; };
		67D2267D2F8900C4AE0F234D /* SleepDestinationView.swift in Sources */ = {isa = PBXBuildFile; fileRef = 8387091CC3EEBBBB0A543D5B /* SleepDestinationView.swift */; };
		69347D27E1CBEFCF3AA87AB2 /* HabitsDestinationView.swift in Sources */ = {isa = PBXBuildFile; fileRef = 6CB6D70452573AF2811BBD08 /* HabitsDestinationView.swift */; };
		7BEA23ABC68403A4BD8213FA /* ModuleTile.swift in Sources */ = {isa = PBXBuildFile; fileRef = 0D8E96F4EF0DBE7645A7FAC5 /* ModuleTile.swift */; };
		7FB3330B97BCBCB5D87C6F04 /* SidebarView.swift in Sources */ = {isa = PBXBuildFile; fileRef = 9F0AE5985EFE1A9A61F9BC7E /* SidebarView.swift */; };
		7FC13B9F34D2BFBC8BAD9682 /* RootTabView.swift in Sources */ = {isa = PBXBuildFile; fileRef = 6AD6CED1984C5B3D5608F234 /* RootTabView.swift */; };
		830F982B4EF92986B3F4D5C3 /* QuickFindView.swift in Sources */ = {isa = PBXBuildFile; fileRef = 758435C6D5207D248170DD12 /* QuickFindView.swift */; };
		85E7CF1494FFC184EA9CB811 /* NextItemsSection.swift in Sources */ = {isa = PBXBuildFile; fileRef = 0B390D43AE1A7533F9AD7198 /* NextItemsSection.swift */; };
		88997E6D2F83CB1CF7B4BA69 /* RemindersInboxSection.swift in Sources */ = {isa = PBXBuildFile; fileRef = 33B6D5A7801C40656B13C350 /* RemindersInboxSection.swift */; };
		8D5C2FF5F66A353AF7905E34 /* RemindersImportView.swift in Sources */ = {isa = PBXBuildFile; fileRef = E0BB64F31640C03CD64DF855 /* RemindersImportView.swift */; };
		8F6F38ECBF1277701456C8B2 /* NextDashboardView.swift in Sources */ = {isa = PBXBuildFile; fileRef = B306432E3182A6992728E0F9 /* NextDashboardView.swift */; };
		91D2DC6F41DB18CF53F08544 /* TrainingDestinationView.swift in Sources */ = {isa = PBXBuildFile; fileRef = D852F1B66154D92E60E79CBE /* TrainingDestinationView.swift */; };
		94702073666C4968D36B96C5 /* RemindersBridge.swift in Sources */ = {isa = PBXBuildFile; fileRef = 561130AE996F0E92FE02767D /* RemindersBridge.swift */; };
		968A90B44B7AA07A52F2103C /* TaskComponents.swift in Sources */ = {isa = PBXBuildFile; fileRef = DB88131B1CFB7EAA692D88E6 /* TaskComponents.swift */; };
		9D861615DDF132512492C130 /* OfflineBanner.swift in Sources */ = {isa = PBXBuildFile; fileRef = 3B065C1A278C890BF5EEBE9C /* OfflineBanner.swift */; };
		9EBF276CA0720E417E3EE17E /* ChoresDestinationView.swift in Sources */ = {isa = PBXBuildFile; fileRef = 57CEAA8D15E94157FCE94ED2 /* ChoresDestinationView.swift */; };
		9ED913F259DC6E83E4EDB824 /* SeptenaClient.swift in Sources */ = {isa = PBXBuildFile; fileRef = 583220978001091137587977 /* SeptenaClient.swift */; };
		A14B8DF03D6FC0799D8AA8C2 /* AppIcon.icns in Resources */ = {isa = PBXBuildFile; fileRef = E17D3542734AB0B32527C12C /* AppIcon.icns */; };
		A1C7525645EBE54B283DC0D9 /* Persistence.swift in Sources */ = {isa = PBXBuildFile; fileRef = 25DC8E705099DB99718A8596 /* Persistence.swift */; };
		A24EB04802E59F5F3C3489A7 /* ModuleTile.swift in Sources */ = {isa = PBXBuildFile; fileRef = 0D8E96F4EF0DBE7645A7FAC5 /* ModuleTile.swift */; };
		A5DBCDF52DE4E8E077C6451E /* AppIcon.icon in Resources */ = {isa = PBXBuildFile; fileRef = 3ABBB43C070E15FD1C2F6120 /* AppIcon.icon */; };
		AFD39F8C8765E0A36414CEF1 /* NextDashboardView.swift in Sources */ = {isa = PBXBuildFile; fileRef = B306432E3182A6992728E0F9 /* NextDashboardView.swift */; };
		B0D675C74268CC6C528494DA /* AirDestinationView.swift in Sources */ = {isa = PBXBuildFile; fileRef = CDCA5F7AD926593502A0DDA8 /* AirDestinationView.swift */; };
		B15EF82A7D9A48BDCDF26BBC /* WeekDashboardView.swift in Sources */ = {isa = PBXBuildFile; fileRef = CA936685A02055A0A5079EB2 /* WeekDashboardView.swift */; };
		B5D47368B47648A0FC968DFB /* ChoresDestinationView.swift in Sources */ = {isa = PBXBuildFile; fileRef = 57CEAA8D15E94157FCE94ED2 /* ChoresDestinationView.swift */; };
		B6CAA0E5E7DFD2D30F48DF14 /* SearchTabView.swift in Sources */ = {isa = PBXBuildFile; fileRef = AA46304BE6907DF5990B15C7 /* SearchTabView.swift */; };
		BD2AEA299118EC671BAFF32E /* RemindersInboxSection.swift in Sources */ = {isa = PBXBuildFile; fileRef = 33B6D5A7801C40656B13C350 /* RemindersInboxSection.swift */; };
		BFCF1AC2BC3C5A12D48B939F /* TaskDetailView.swift in Sources */ = {isa = PBXBuildFile; fileRef = 2D413F054F59B2A90A319154 /* TaskDetailView.swift */; };
		C0BF92A2B687EFEE45D80E25 /* Theme.swift in Sources */ = {isa = PBXBuildFile; fileRef = D4A07E6C15CC294172DF5D20 /* Theme.swift */; };
		C3A8FD5AF7DDC8CFFB0040DE /* NutritionDestinationView.swift in Sources */ = {isa = PBXBuildFile; fileRef = 85180CEA5751AEC394B4F796 /* NutritionDestinationView.swift */; };
		C95C0A72F11063AD3C8DE47F /* LogRow.swift in Sources */ = {isa = PBXBuildFile; fileRef = C12E57B6D840EE59123B45F5 /* LogRow.swift */; };
		C9A195F8FF0C63824E0A5BD8 /* AppIcon.icon in Resources */ = {isa = PBXBuildFile; fileRef = 3ABBB43C070E15FD1C2F6120 /* AppIcon.icon */; };
		CB921D3A1C0F91F0B1A767AB /* RootTabView.swift in Sources */ = {isa = PBXBuildFile; fileRef = 6AD6CED1984C5B3D5608F234 /* RootTabView.swift */; };
		CEE60ED09FC69B57F5FAF50B /* OfflineBanner.swift in Sources */ = {isa = PBXBuildFile; fileRef = 3B065C1A278C890BF5EEBE9C /* OfflineBanner.swift */; };
		CFC6B2FA915632D384BAB194 /* TrainingDestinationView.swift in Sources */ = {isa = PBXBuildFile; fileRef = D852F1B66154D92E60E79CBE /* TrainingDestinationView.swift */; };
		D338D5380CD35BAC0E461088 /* QuickFindView.swift in Sources */ = {isa = PBXBuildFile; fileRef = 758435C6D5207D248170DD12 /* QuickFindView.swift */; };
		D3D801AE0714FA3E8696508A /* SectionTheme.swift in Sources */ = {isa = PBXBuildFile; fileRef = C03DC46C772E45B60ECB7343 /* SectionTheme.swift */; };
		D4B1495C0BDE3AF22A629505 /* Assets.xcassets in Resources */ = {isa = PBXBuildFile; fileRef = C31AA779DF73D8C68DDF9B2F /* Assets.xcassets */; };
		D770995846D0B23AC3F77F34 /* SeptenaClient.swift in Sources */ = {isa = PBXBuildFile; fileRef = 583220978001091137587977 /* SeptenaClient.swift */; };
		DD200EF411309E29B543963F /* Models.swift in Sources */ = {isa = PBXBuildFile; fileRef = 7D5ECFDA9128B73993023CB6 /* Models.swift */; };
		DD317D456C7B6AD457F872B3 /* TaskCommands.swift in Sources */ = {isa = PBXBuildFile; fileRef = 486793A66A22C3DA7809337B /* TaskCommands.swift */; };
		DE402EEE2DA772AF7300E1C0 /* TaskComponents.swift in Sources */ = {isa = PBXBuildFile; fileRef = DB88131B1CFB7EAA692D88E6 /* TaskComponents.swift */; };
		DF016EF192B7891D2DBE3CB6 /* DateParser.swift in Sources */ = {isa = PBXBuildFile; fileRef = 1E25F81FE5AA4B6BBC056275 /* DateParser.swift */; };
		E02065B8AC82D19639A4CFAD /* SettingsView.swift in Sources */ = {isa = PBXBuildFile; fileRef = 5213158B9AA9106BBAA03D41 /* SettingsView.swift */; };
		E1474EC3CDCB9253688ABA00 /* WeekDashboardView.swift in Sources */ = {isa = PBXBuildFile; fileRef = CA936685A02055A0A5079EB2 /* WeekDashboardView.swift */; };
		E31B94DDD122274806A91B5C /* TaskListView.swift in Sources */ = {isa = PBXBuildFile; fileRef = 9B92826563E8E24C2A8F22B9 /* TaskListView.swift */; };
		F21704F2D348D306CBC132AB /* SuggestionEngine.swift in Sources */ = {isa = PBXBuildFile; fileRef = B6DD7C05D998EF1301A6410D /* SuggestionEngine.swift */; };
		F62DAF6B252E82A6C8CB7167 /* SidebarView.swift in Sources */ = {isa = PBXBuildFile; fileRef = 9F0AE5985EFE1A9A61F9BC7E /* SidebarView.swift */; };
		F6ED283EEF472FE8DA7B7DFB /* NextItemsSection.swift in Sources */ = {isa = PBXBuildFile; fileRef = 0B390D43AE1A7533F9AD7198 /* NextItemsSection.swift */; };
		FA564DDD7B30817FB91EC0E5 /* App.swift in Sources */ = {isa = PBXBuildFile; fileRef = BBD31B55684A505738EB624C /* App.swift */; };
		FAA49CC911788D53BAFDBAFD /* NextView.swift in Sources */ = {isa = PBXBuildFile; fileRef = FB6D9FD80512D4CD62AEFFFD /* NextView.swift */; };
		FB79CB77D7DB4D47195A606D /* Assets.xcassets in Resources */ = {isa = PBXBuildFile; fileRef = C31AA779DF73D8C68DDF9B2F /* Assets.xcassets */; };
		FCDDF4248EC04741134329B2 /* AreasProjectsView.swift in Sources */ = {isa = PBXBuildFile; fileRef = 9A5C26629FE8A4DF019B9784 /* AreasProjectsView.swift */; };
		FD43DBF763D6B72C04A00682 /* HabitsDestinationView.swift in Sources */ = {isa = PBXBuildFile; fileRef = 6CB6D70452573AF2811BBD08 /* HabitsDestinationView.swift */; };
		FF12744271E9DF61BD2F557F /* SuggestionEngine.swift in Sources */ = {isa = PBXBuildFile; fileRef = B6DD7C05D998EF1301A6410D /* SuggestionEngine.swift */; };
/* End PBXBuildFile section */

/* Begin PBXFileReference section */
		0B390D43AE1A7533F9AD7198 /* NextItemsSection.swift */ = {isa = PBXFileReference; lastKnownFileType = sourcecode.swift; path = NextItemsSection.swift; sourceTree = "<group>"; };
		0D8E96F4EF0DBE7645A7FAC5 /* ModuleTile.swift */ = {isa = PBXFileReference; lastKnownFileType = sourcecode.swift; path = ModuleTile.swift; sourceTree = "<group>"; };
		1E25F81FE5AA4B6BBC056275 /* DateParser.swift */ = {isa = PBXFileReference; lastKnownFileType = sourcecode.swift; path = DateParser.swift; sourceTree = "<group>"; };
		25DC8E705099DB99718A8596 /* Persistence.swift */ = {isa = PBXFileReference; lastKnownFileType = sourcecode.swift; path = Persistence.swift; sourceTree = "<group>"; };
		2D413F054F59B2A90A319154 /* TaskDetailView.swift */ = {isa = PBXFileReference; lastKnownFileType = sourcecode.swift; path = TaskDetailView.swift; sourceTree = "<group>"; };
		31313A0E804B33A3E43FC1F6 /* Info.plist */ = {isa = PBXFileReference; lastKnownFileType = text.plist; path = Info.plist; sourceTree = "<group>"; };
		33B6D5A7801C40656B13C350 /* RemindersInboxSection.swift */ = {isa = PBXFileReference; lastKnownFileType = sourcecode.swift; path = RemindersInboxSection.swift; sourceTree = "<group>"; };
		39E8BE393381A7D49657D3C0 /* Septena.app */ = {isa = PBXFileReference; includeInIndex = 0; lastKnownFileType = wrapper.application; path = Septena.app; sourceTree = BUILT_PRODUCTS_DIR; };
		3ABBB43C070E15FD1C2F6120 /* AppIcon.icon */ = {isa = PBXFileReference; lastKnownFileType = wrapper.icon; path = AppIcon.icon; sourceTree = "<group>"; };
		3B065C1A278C890BF5EEBE9C /* OfflineBanner.swift */ = {isa = PBXFileReference; lastKnownFileType = sourcecode.swift; path = OfflineBanner.swift; sourceTree = "<group>"; };
		486793A66A22C3DA7809337B /* TaskCommands.swift */ = {isa = PBXFileReference; lastKnownFileType = sourcecode.swift; path = TaskCommands.swift; sourceTree = "<group>"; };
		5213158B9AA9106BBAA03D41 /* SettingsView.swift */ = {isa = PBXFileReference; lastKnownFileType = sourcecode.swift; path = SettingsView.swift; sourceTree = "<group>"; };
		53F4DAE3E470C1D3C5E049C6 /* Haptics.swift */ = {isa = PBXFileReference; lastKnownFileType = sourcecode.swift; path = Haptics.swift; sourceTree = "<group>"; };
		561130AE996F0E92FE02767D /* RemindersBridge.swift */ = {isa = PBXFileReference; lastKnownFileType = sourcecode.swift; path = RemindersBridge.swift; sourceTree = "<group>"; };
		57CEAA8D15E94157FCE94ED2 /* ChoresDestinationView.swift */ = {isa = PBXFileReference; lastKnownFileType = sourcecode.swift; path = ChoresDestinationView.swift; sourceTree = "<group>"; };
		583220978001091137587977 /* SeptenaClient.swift */ = {isa = PBXFileReference; lastKnownFileType = sourcecode.swift; path = SeptenaClient.swift; sourceTree = "<group>"; };
		59055370ABA84DB912D64D1E /* SeptenaMac.app */ = {isa = PBXFileReference; explicitFileType = wrapper.application; includeInIndex = 0; path = SeptenaMac.app; sourceTree = BUILT_PRODUCTS_DIR; };
		5B49A0D20B2ECD672137900F /* Info-Mac.plist */ = {isa = PBXFileReference; lastKnownFileType = text.plist; path = "Info-Mac.plist"; sourceTree = "<group>"; };
		6AD6CED1984C5B3D5608F234 /* RootTabView.swift */ = {isa = PBXFileReference; lastKnownFileType = sourcecode.swift; path = RootTabView.swift; sourceTree = "<group>"; };
		6CB6D70452573AF2811BBD08 /* HabitsDestinationView.swift */ = {isa = PBXFileReference; lastKnownFileType = sourcecode.swift; path = HabitsDestinationView.swift; sourceTree = "<group>"; };
		758435C6D5207D248170DD12 /* QuickFindView.swift */ = {isa = PBXFileReference; lastKnownFileType = sourcecode.swift; path = QuickFindView.swift; sourceTree = "<group>"; };
		7D5ECFDA9128B73993023CB6 /* Models.swift */ = {isa = PBXFileReference; lastKnownFileType = sourcecode.swift; path = Models.swift; sourceTree = "<group>"; };
		8387091CC3EEBBBB0A543D5B /* SleepDestinationView.swift */ = {isa = PBXFileReference; lastKnownFileType = sourcecode.swift; path = SleepDestinationView.swift; sourceTree = "<group>"; };
		83E5755C28C6B3D53D9031A7 /* GroceriesDestinationView.swift */ = {isa = PBXFileReference; lastKnownFileType = sourcecode.swift; path = GroceriesDestinationView.swift; sourceTree = "<group>"; };
		85180CEA5751AEC394B4F796 /* NutritionDestinationView.swift */ = {isa = PBXFileReference; lastKnownFileType = sourcecode.swift; path = NutritionDestinationView.swift; sourceTree = "<group>"; };
		8EC7C9D9CAC52C91AFE79AE7 /* BadgeManager.swift */ = {isa = PBXFileReference; lastKnownFileType = sourcecode.swift; path = BadgeManager.swift; sourceTree = "<group>"; };
		9A5C26629FE8A4DF019B9784 /* AreasProjectsView.swift */ = {isa = PBXFileReference; lastKnownFileType = sourcecode.swift; path = AreasProjectsView.swift; sourceTree = "<group>"; };
		9B92826563E8E24C2A8F22B9 /* TaskListView.swift */ = {isa = PBXFileReference; lastKnownFileType = sourcecode.swift; path = TaskListView.swift; sourceTree = "<group>"; };
		9F0AE5985EFE1A9A61F9BC7E /* SidebarView.swift */ = {isa = PBXFileReference; lastKnownFileType = sourcecode.swift; path = SidebarView.swift; sourceTree = "<group>"; };
		AA46304BE6907DF5990B15C7 /* SearchTabView.swift */ = {isa = PBXFileReference; lastKnownFileType = sourcecode.swift; path = SearchTabView.swift; sourceTree = "<group>"; };
		B306432E3182A6992728E0F9 /* NextDashboardView.swift */ = {isa = PBXFileReference; lastKnownFileType = sourcecode.swift; path = NextDashboardView.swift; sourceTree = "<group>"; };
		B6DD7C05D998EF1301A6410D /* SuggestionEngine.swift */ = {isa = PBXFileReference; lastKnownFileType = sourcecode.swift; path = SuggestionEngine.swift; sourceTree = "<group>"; };
		BBD31B55684A505738EB624C /* App.swift */ = {isa = PBXFileReference; lastKnownFileType = sourcecode.swift; path = App.swift; sourceTree = "<group>"; };
		C03DC46C772E45B60ECB7343 /* SectionTheme.swift */ = {isa = PBXFileReference; lastKnownFileType = sourcecode.swift; path = SectionTheme.swift; sourceTree = "<group>"; };
		C12E57B6D840EE59123B45F5 /* LogRow.swift */ = {isa = PBXFileReference; lastKnownFileType = sourcecode.swift; path = LogRow.swift; sourceTree = "<group>"; };
		C31AA779DF73D8C68DDF9B2F /* Assets.xcassets */ = {isa = PBXFileReference; lastKnownFileType = folder.assetcatalog; path = Assets.xcassets; sourceTree = "<group>"; };
		CA936685A02055A0A5079EB2 /* WeekDashboardView.swift */ = {isa = PBXFileReference; lastKnownFileType = sourcecode.swift; path = WeekDashboardView.swift; sourceTree = "<group>"; };
		CDCA5F7AD926593502A0DDA8 /* AirDestinationView.swift */ = {isa = PBXFileReference; lastKnownFileType = sourcecode.swift; path = AirDestinationView.swift; sourceTree = "<group>"; };
		D4A07E6C15CC294172DF5D20 /* Theme.swift */ = {isa = PBXFileReference; lastKnownFileType = sourcecode.swift; path = Theme.swift; sourceTree = "<group>"; };
		D852F1B66154D92E60E79CBE /* TrainingDestinationView.swift */ = {isa = PBXFileReference; lastKnownFileType = sourcecode.swift; path = TrainingDestinationView.swift; sourceTree = "<group>"; };
		DB88131B1CFB7EAA692D88E6 /* TaskComponents.swift */ = {isa = PBXFileReference; lastKnownFileType = sourcecode.swift; path = TaskComponents.swift; sourceTree = "<group>"; };
		E0BB64F31640C03CD64DF855 /* RemindersImportView.swift */ = {isa = PBXFileReference; lastKnownFileType = sourcecode.swift; path = RemindersImportView.swift; sourceTree = "<group>"; };
		E17D3542734AB0B32527C12C /* AppIcon.icns */ = {isa = PBXFileReference; lastKnownFileType = image.icns; path = AppIcon.icns; sourceTree = "<group>"; };
		EF52BF4594608E7B7D09AA48 /* PlatformShims.swift */ = {isa = PBXFileReference; lastKnownFileType = sourcecode.swift; path = PlatformShims.swift; sourceTree = "<group>"; };
		FB6D9FD80512D4CD62AEFFFD /* NextView.swift */ = {isa = PBXFileReference; lastKnownFileType = sourcecode.swift; path = NextView.swift; sourceTree = "<group>"; };
		FEF9F7EF4C95C591355F2B0E /* SupplementsDestinationView.swift */ = {isa = PBXFileReference; lastKnownFileType = sourcecode.swift; path = SupplementsDestinationView.swift; sourceTree = "<group>"; };
/* End PBXFileReference section */

/* Begin PBXGroup section */
		28850E874FD7157D02F3C43D /* Septena */ = {
			isa = PBXGroup;
			children = (
				BBD31B55684A505738EB624C /* App.swift */,
				E17D3542734AB0B32527C12C /* AppIcon.icns */,
				3ABBB43C070E15FD1C2F6120 /* AppIcon.icon */,
				C31AA779DF73D8C68DDF9B2F /* Assets.xcassets */,
				5B49A0D20B2ECD672137900F /* Info-Mac.plist */,
				31313A0E804B33A3E43FC1F6 /* Info.plist */,
				739A3545F72DF7DDF59D1D30 /* Views */,
			);
			path = Septena;
			sourceTree = "<group>";
		};
		739A3545F72DF7DDF59D1D30 /* Views */ = {
			isa = PBXGroup;
			children = (
				CDCA5F7AD926593502A0DDA8 /* AirDestinationView.swift */,
				9A5C26629FE8A4DF019B9784 /* AreasProjectsView.swift */,
				57CEAA8D15E94157FCE94ED2 /* ChoresDestinationView.swift */,
				83E5755C28C6B3D53D9031A7 /* GroceriesDestinationView.swift */,
				6CB6D70452573AF2811BBD08 /* HabitsDestinationView.swift */,
				C12E57B6D840EE59123B45F5 /* LogRow.swift */,
				0D8E96F4EF0DBE7645A7FAC5 /* ModuleTile.swift */,
				B306432E3182A6992728E0F9 /* NextDashboardView.swift */,
				0B390D43AE1A7533F9AD7198 /* NextItemsSection.swift */,
				FB6D9FD80512D4CD62AEFFFD /* NextView.swift */,
				85180CEA5751AEC394B4F796 /* NutritionDestinationView.swift */,
				3B065C1A278C890BF5EEBE9C /* OfflineBanner.swift */,
				EF52BF4594608E7B7D09AA48 /* PlatformShims.swift */,
				758435C6D5207D248170DD12 /* QuickFindView.swift */,
				E0BB64F31640C03CD64DF855 /* RemindersImportView.swift */,
				33B6D5A7801C40656B13C350 /* RemindersInboxSection.swift */,
				6AD6CED1984C5B3D5608F234 /* RootTabView.swift */,
				AA46304BE6907DF5990B15C7 /* SearchTabView.swift */,
				5213158B9AA9106BBAA03D41 /* SettingsView.swift */,
				9F0AE5985EFE1A9A61F9BC7E /* SidebarView.swift */,
				8387091CC3EEBBBB0A543D5B /* SleepDestinationView.swift */,
				FEF9F7EF4C95C591355F2B0E /* SupplementsDestinationView.swift */,
				486793A66A22C3DA7809337B /* TaskCommands.swift */,
				DB88131B1CFB7EAA692D88E6 /* TaskComponents.swift */,
				2D413F054F59B2A90A319154 /* TaskDetailView.swift */,
				9B92826563E8E24C2A8F22B9 /* TaskListView.swift */,
				D4A07E6C15CC294172DF5D20 /* Theme.swift */,
				D852F1B66154D92E60E79CBE /* TrainingDestinationView.swift */,
				CA936685A02055A0A5079EB2 /* WeekDashboardView.swift */,
			);
			path = Views;
			sourceTree = "<group>";
		};
		911FA069BE707320A271B250 = {
			isa = PBXGroup;
			children = (
				28850E874FD7157D02F3C43D /* Septena */,
				E129AEFF2C1B93C7B4789164 /* SeptenaCore */,
				B33B7B657FD728BAA2F26562 /* Products */,
			);
			sourceTree = "<group>";
		};
		B33B7B657FD728BAA2F26562 /* Products */ = {
			isa = PBXGroup;
			children = (
				39E8BE393381A7D49657D3C0 /* Septena.app */,
				59055370ABA84DB912D64D1E /* SeptenaMac.app */,
			);
			name = Products;
			sourceTree = "<group>";
		};
		E129AEFF2C1B93C7B4789164 /* SeptenaCore */ = {
			isa = PBXGroup;
			children = (
				8EC7C9D9CAC52C91AFE79AE7 /* BadgeManager.swift */,
				1E25F81FE5AA4B6BBC056275 /* DateParser.swift */,
				53F4DAE3E470C1D3C5E049C6 /* Haptics.swift */,
				7D5ECFDA9128B73993023CB6 /* Models.swift */,
				25DC8E705099DB99718A8596 /* Persistence.swift */,
				561130AE996F0E92FE02767D /* RemindersBridge.swift */,
				C03DC46C772E45B60ECB7343 /* SectionTheme.swift */,
				583220978001091137587977 /* SeptenaClient.swift */,
				B6DD7C05D998EF1301A6410D /* SuggestionEngine.swift */,
			);
			path = SeptenaCore;
			sourceTree = "<group>";
		};
/* End PBXGroup section */

/* Begin PBXNativeTarget section */
		1B1FB88A3182F26908EEC837 /* SeptenaMac */ = {
			isa = PBXNativeTarget;
			buildConfigurationList = 431DB537665EFA9DB4BAD4D2 /* Build configuration list for PBXNativeTarget "SeptenaMac" */;
			buildPhases = (
				F0376DA5C03EA92945E59842 /* Sources */,
				2143C3CFFC66A7E133AC5F90 /* Resources */,
			);
			buildRules = (
			);
			dependencies = (
			);
			name = SeptenaMac;
			packageProductDependencies = (
			);
			productName = SeptenaMac;
			productReference = 59055370ABA84DB912D64D1E /* SeptenaMac.app */;
			productType = "com.apple.product-type.application";
		};
		FD752EC978FED2E2D676DE2D /* Septena */ = {
			isa = PBXNativeTarget;
			buildConfigurationList = E685B8997C4839865950E138 /* Build configuration list for PBXNativeTarget "Septena" */;
			buildPhases = (
				BC22601CDD48659F9E35698B /* Sources */,
				7D928A4B76D5247D721367A3 /* Resources */,
			);
			buildRules = (
			);
			dependencies = (
			);
			name = Septena;
			packageProductDependencies = (
			);
			productName = Septena;
			productReference = 39E8BE393381A7D49657D3C0 /* Septena.app */;
			productType = "com.apple.product-type.application";
		};
/* End PBXNativeTarget section */

/* Begin PBXProject section */
		3A81108521AE358318C77A50 /* Project object */ = {
			isa = PBXProject;
			attributes = {
				BuildIndependentTargetsInParallel = YES;
				LastUpgradeCheck = 2600;
				TargetAttributes = {
					1B1FB88A3182F26908EEC837 = {
						DevelopmentTeam = "";
						ProvisioningStyle = Automatic;
					};
					FD752EC978FED2E2D676DE2D = {
						DevelopmentTeam = "";
						ProvisioningStyle = Automatic;
					};
				};
			};
			buildConfigurationList = D5CFABB79F2461F76A2D3ECE /* Build configuration list for PBXProject "Septena" */;
			developmentRegion = en;
			hasScannedForEncodings = 0;
			knownRegions = (
				Base,
				en,
			);
			mainGroup = 911FA069BE707320A271B250;
			minimizedProjectReferenceProxies = 1;
			preferredProjectObjectVersion = 77;
			productRefGroup = B33B7B657FD728BAA2F26562 /* Products */;
			projectDirPath = "";
			projectRoot = "";
			targets = (
				FD752EC978FED2E2D676DE2D /* Septena */,
				1B1FB88A3182F26908EEC837 /* SeptenaMac */,
			);
		};
/* End PBXProject section */

/* Begin PBXResourcesBuildPhase section */
		2143C3CFFC66A7E133AC5F90 /* Resources */ = {
			isa = PBXResourcesBuildPhase;
			buildActionMask = 2147483647;
			files = (
				59D1D3BB3E05AF32C782A9C7 /* AppIcon.icns in Resources */,
				A5DBCDF52DE4E8E077C6451E /* AppIcon.icon in Resources */,
				D4B1495C0BDE3AF22A629505 /* Assets.xcassets in Resources */,
				36325B1E6E5A771C01028105 /* Info.plist in Resources */,
			);
			runOnlyForDeploymentPostprocessing = 0;
		};
		7D928A4B76D5247D721367A3 /* Resources */ = {
			isa = PBXResourcesBuildPhase;
			buildActionMask = 2147483647;
			files = (
				A14B8DF03D6FC0799D8AA8C2 /* AppIcon.icns in Resources */,
				C9A195F8FF0C63824E0A5BD8 /* AppIcon.icon in Resources */,
				FB79CB77D7DB4D47195A606D /* Assets.xcassets in Resources */,
				3D19536CFB66987D6D5C7642 /* Info-Mac.plist in Resources */,
			);
			runOnlyForDeploymentPostprocessing = 0;
		};
/* End PBXResourcesBuildPhase section */

/* Begin PBXSourcesBuildPhase section */
		BC22601CDD48659F9E35698B /* Sources */ = {
			isa = PBXSourcesBuildPhase;
			buildActionMask = 2147483647;
			files = (
				B0D675C74268CC6C528494DA /* AirDestinationView.swift in Sources */,
				FA564DDD7B30817FB91EC0E5 /* App.swift in Sources */,
				5ED33F95694C104969333EAD /* AreasProjectsView.swift in Sources */,
				0ED59BE06DEBD263BBFA0D91 /* BadgeManager.swift in Sources */,
				B5D47368B47648A0FC968DFB /* ChoresDestinationView.swift in Sources */,
				DF016EF192B7891D2DBE3CB6 /* DateParser.swift in Sources */,
				029C02E7D76246B98F4F6C8B /* GroceriesDestinationView.swift in Sources */,
				FD43DBF763D6B72C04A00682 /* HabitsDestinationView.swift in Sources */,
				5330AF71083A1F3514B862B8 /* Haptics.swift in Sources */,
				C95C0A72F11063AD3C8DE47F /* LogRow.swift in Sources */,
				0448F507E1F1600F9933AEED /* Models.swift in Sources */,
				7BEA23ABC68403A4BD8213FA /* ModuleTile.swift in Sources */,
				AFD39F8C8765E0A36414CEF1 /* NextDashboardView.swift in Sources */,
				F6ED283EEF472FE8DA7B7DFB /* NextItemsSection.swift in Sources */,
				FAA49CC911788D53BAFDBAFD /* NextView.swift in Sources */,
				C3A8FD5AF7DDC8CFFB0040DE /* NutritionDestinationView.swift in Sources */,
				CEE60ED09FC69B57F5FAF50B /* OfflineBanner.swift in Sources */,
				4A9BF2842C0AC601AF8B7099 /* Persistence.swift in Sources */,
				3F005BC1D6AB964EA48E05C3 /* PlatformShims.swift in Sources */,
				D338D5380CD35BAC0E461088 /* QuickFindView.swift in Sources */,
				187093B93D48863B5E1E1E37 /* RemindersBridge.swift in Sources */,
				8D5C2FF5F66A353AF7905E34 /* RemindersImportView.swift in Sources */,
				88997E6D2F83CB1CF7B4BA69 /* RemindersInboxSection.swift in Sources */,
				7FC13B9F34D2BFBC8BAD9682 /* RootTabView.swift in Sources */,
				B6CAA0E5E7DFD2D30F48DF14 /* SearchTabView.swift in Sources */,
				07B127F5FBCE0DE19AFCD387 /* SectionTheme.swift in Sources */,
				D770995846D0B23AC3F77F34 /* SeptenaClient.swift in Sources */,
				E02065B8AC82D19639A4CFAD /* SettingsView.swift in Sources */,
				F62DAF6B252E82A6C8CB7167 /* SidebarView.swift in Sources */,
				67D2267D2F8900C4AE0F234D /* SleepDestinationView.swift in Sources */,
				FF12744271E9DF61BD2F557F /* SuggestionEngine.swift in Sources */,
				486D927C7874CAFC8AEDCCB4 /* SupplementsDestinationView.swift in Sources */,
				0EA3AE94FFBC7CC6A2869E36 /* TaskCommands.swift in Sources */,
				DE402EEE2DA772AF7300E1C0 /* TaskComponents.swift in Sources */,
				18C336321218C66D6B8DB652 /* TaskDetailView.swift in Sources */,
				E31B94DDD122274806A91B5C /* TaskListView.swift in Sources */,
				C0BF92A2B687EFEE45D80E25 /* Theme.swift in Sources */,
				CFC6B2FA915632D384BAB194 /* TrainingDestinationView.swift in Sources */,
				E1474EC3CDCB9253688ABA00 /* WeekDashboardView.swift in Sources */,
			);
			runOnlyForDeploymentPostprocessing = 0;
		};
		F0376DA5C03EA92945E59842 /* Sources */ = {
			isa = PBXSourcesBuildPhase;
			buildActionMask = 2147483647;
			files = (
				5E4D0521FCB855EC9C825443 /* AirDestinationView.swift in Sources */,
				09C5366893B7255E08295C88 /* App.swift in Sources */,
				FCDDF4248EC04741134329B2 /* AreasProjectsView.swift in Sources */,
				56E87EA383673A4ACE86F2CD /* BadgeManager.swift in Sources */,
				9EBF276CA0720E417E3EE17E /* ChoresDestinationView.swift in Sources */,
				513C8B1D41E5BA85B785129C /* DateParser.swift in Sources */,
				350BABC5882550125A41C46D /* GroceriesDestinationView.swift in Sources */,
				69347D27E1CBEFCF3AA87AB2 /* HabitsDestinationView.swift in Sources */,
				28777ACD729D9C78846219C4 /* Haptics.swift in Sources */,
				008EADA54611F2118A61DB42 /* LogRow.swift in Sources */,
				DD200EF411309E29B543963F /* Models.swift in Sources */,
				A24EB04802E59F5F3C3489A7 /* ModuleTile.swift in Sources */,
				8F6F38ECBF1277701456C8B2 /* NextDashboardView.swift in Sources */,
				85E7CF1494FFC184EA9CB811 /* NextItemsSection.swift in Sources */,
				06F8765D7D9BA1A94FE3984D /* NextView.swift in Sources */,
				49263C8544F1327022162722 /* NutritionDestinationView.swift in Sources */,
				9D861615DDF132512492C130 /* OfflineBanner.swift in Sources */,
				A1C7525645EBE54B283DC0D9 /* Persistence.swift in Sources */,
				0FABD76594A04A8968E1A04B /* PlatformShims.swift in Sources */,
				830F982B4EF92986B3F4D5C3 /* QuickFindView.swift in Sources */,
				94702073666C4968D36B96C5 /* RemindersBridge.swift in Sources */,
				55C20E76DB4BB1B7C3306925 /* RemindersImportView.swift in Sources */,
				BD2AEA299118EC671BAFF32E /* RemindersInboxSection.swift in Sources */,
				CB921D3A1C0F91F0B1A767AB /* RootTabView.swift in Sources */,
				63B5D55FED0B0465C2BBEE96 /* SearchTabView.swift in Sources */,
				D3D801AE0714FA3E8696508A /* SectionTheme.swift in Sources */,
				9ED913F259DC6E83E4EDB824 /* SeptenaClient.swift in Sources */,
				1C848EE6B229B8FEE079CD97 /* SettingsView.swift in Sources */,
				7FB3330B97BCBCB5D87C6F04 /* SidebarView.swift in Sources */,
				1CCEDBAD872A0FA179B960A7 /* SleepDestinationView.swift in Sources */,
				F21704F2D348D306CBC132AB /* SuggestionEngine.swift in Sources */,
				12B60ABACC409D80030283D9 /* SupplementsDestinationView.swift in Sources */,
				DD317D456C7B6AD457F872B3 /* TaskCommands.swift in Sources */,
				968A90B44B7AA07A52F2103C /* TaskComponents.swift in Sources */,
				BFCF1AC2BC3C5A12D48B939F /* TaskDetailView.swift in Sources */,
				2741B6F5233E5619A7057258 /* TaskListView.swift in Sources */,
				1D16A641ABEC4D4CCA37145F /* Theme.swift in Sources */,
				91D2DC6F41DB18CF53F08544 /* TrainingDestinationView.swift in Sources */,
				B15EF82A7D9A48BDCDF26BBC /* WeekDashboardView.swift in Sources */,
			);
			runOnlyForDeploymentPostprocessing = 0;
		};
/* End PBXSourcesBuildPhase section */

/* Begin XCBuildConfiguration section */
		4DCBD62CA0FADEA5D8B9E21E /* Release */ = {
			isa = XCBuildConfiguration;
			buildSettings = {
				ASSETCATALOG_COMPILER_APPICON_NAME = AppIcon;
				ASSETCATALOG_COMPILER_GLOBAL_ACCENT_COLOR_NAME = AccentColor;
				CODE_SIGN_ENTITLEMENTS = Septena/Septena.entitlements;
				CODE_SIGN_IDENTITY = "iPhone Developer";
				GENERATE_INFOPLIST_FILE = NO;
				INFOPLIST_FILE = Septena/Info.plist;
				LD_RUNPATH_SEARCH_PATHS = (
					"$(inherited)",
					"@executable_path/Frameworks",
				);
				PRODUCT_BUNDLE_IDENTIFIER = com.septena.cloud;
				SDKROOT = iphoneos;
				TARGETED_DEVICE_FAMILY = "1,2";
			};
			name = Release;
		};
		4F85311253218416DE2E9045 /* Release */ = {
			isa = XCBuildConfiguration;
			buildSettings = {
				ALWAYS_SEARCH_USER_PATHS = NO;
				CLANG_ANALYZER_NONNULL = YES;
				CLANG_ANALYZER_NUMBER_OBJECT_CONVERSION = YES_AGGRESSIVE;
				CLANG_CXX_LANGUAGE_STANDARD = "gnu++14";
				CLANG_CXX_LIBRARY = "libc++";
				CLANG_ENABLE_MODULES = YES;
				CLANG_ENABLE_OBJC_ARC = YES;
				CLANG_ENABLE_OBJC_WEAK = YES;
				CLANG_WARN_BLOCK_CAPTURE_AUTORELEASING = YES;
				CLANG_WARN_BOOL_CONVERSION = YES;
				CLANG_WARN_COMMA = YES;
				CLANG_WARN_CONSTANT_CONVERSION = YES;
				CLANG_WARN_DEPRECATED_OBJC_IMPLEMENTATIONS = YES;
				CLANG_WARN_DIRECT_OBJC_ISA_USAGE = YES_ERROR;
				CLANG_WARN_DOCUMENTATION_COMMENTS = YES;
				CLANG_WARN_EMPTY_BODY = YES;
				CLANG_WARN_ENUM_CONVERSION = YES;
				CLANG_WARN_INFINITE_RECURSION = YES;
				CLANG_WARN_INT_CONVERSION = YES;
				CLANG_WARN_NON_LITERAL_NULL_CONVERSION = YES;
				CLANG_WARN_OBJC_IMPLICIT_RETAIN_SELF = YES;
				CLANG_WARN_OBJC_LITERAL_CONVERSION = YES;
				CLANG_WARN_OBJC_ROOT_CLASS = YES_ERROR;
				CLANG_WARN_QUOTED_INCLUDE_IN_FRAMEWORK_HEADER = YES;
				CLANG_WARN_RANGE_LOOP_ANALYSIS = YES;
				CLANG_WARN_STRICT_PROTOTYPES = YES;
				CLANG_WARN_SUSPICIOUS_MOVE = YES;
				CLANG_WARN_UNGUARDED_AVAILABILITY = YES_AGGRESSIVE;
				CLANG_WARN_UNREACHABLE_CODE = YES;
				CLANG_WARN__DUPLICATE_METHOD_MATCH = YES;
				CODE_SIGN_IDENTITY = "";
				CODE_SIGN_STYLE = Automatic;
				COPY_PHASE_STRIP = NO;
				CURRENT_PROJECT_VERSION = 1;
				DEBUG_INFORMATION_FORMAT = "dwarf-with-dsym";
				DEVELOPMENT_TEAM = "";
				ENABLE_NS_ASSERTIONS = NO;
				ENABLE_STRICT_OBJC_MSGSEND = YES;
				GCC_C_LANGUAGE_STANDARD = gnu11;
				GCC_NO_COMMON_BLOCKS = YES;
				GCC_WARN_64_TO_32_BIT_CONVERSION = YES;
				GCC_WARN_ABOUT_RETURN_TYPE = YES_ERROR;
				GCC_WARN_UNDECLARED_SELECTOR = YES;
				GCC_WARN_UNINITIALIZED_AUTOS = YES_AGGRESSIVE;
				GCC_WARN_UNUSED_FUNCTION = YES;
				GCC_WARN_UNUSED_VARIABLE = YES;
				INFOPLIST_KEY_UIApplicationSceneManifest_Generation = YES;
				INFOPLIST_KEY_UIApplicationSupportsIndirectInputEvents = YES;
				INFOPLIST_KEY_UILaunchScreen_Generation = YES;
				INFOPLIST_KEY_UISupportedInterfaceOrientations_iPad = "UIInterfaceOrientationPortrait UIInterfaceOrientationPortraitUpsideDown UIInterfaceOrientationLandscapeLeft UIInterfaceOrientationLandscapeRight";
				INFOPLIST_KEY_UISupportedInterfaceOrientations_iPhone = "UIInterfaceOrientationPortrait UIInterfaceOrientationLandscapeLeft UIInterfaceOrientationLandscapeRight";
				IPHONEOS_DEPLOYMENT_TARGET = 26.0;
				MACOSX_DEPLOYMENT_TARGET = 26.0;
				MARKETING_VERSION = 0.1.0;
				MTL_ENABLE_DEBUG_INFO = NO;
				MTL_FAST_MATH = YES;
				PRODUCT_NAME = "$(TARGET_NAME)";
				SWIFT_COMPILATION_MODE = wholemodule;
				SWIFT_OPTIMIZATION_LEVEL = "-O";
				SWIFT_STRICT_CONCURRENCY = minimal;
				SWIFT_VERSION = 5.10;
			};
			name = Release;
		};
		71FC6DAF7647669E7FCF900F /* Debug */ = {
			isa = XCBuildConfiguration;
			buildSettings = {
				ASSETCATALOG_COMPILER_APPICON_NAME = AppIcon;
				ASSETCATALOG_COMPILER_GLOBAL_ACCENT_COLOR_NAME = AccentColor;
				CODE_SIGN_ENTITLEMENTS = Septena/SeptenaMac.entitlements;
				COMBINE_HIDPI_IMAGES = YES;
				GENERATE_INFOPLIST_FILE = NO;
				INFOPLIST_FILE = "Septena/Info-Mac.plist";
				LD_RUNPATH_SEARCH_PATHS = (
					"$(inherited)",
					"@executable_path/../Frameworks",
				);
				PRODUCT_BUNDLE_IDENTIFIER = com.septena.cloud.mac;
				SDKROOT = macosx;
			};
			name = Debug;
		};
		76EDDC69B856BB8BABDA6C01 /* Release */ = {
			isa = XCBuildConfiguration;
			buildSettings = {
				ASSETCATALOG_COMPILER_APPICON_NAME = AppIcon;
				ASSETCATALOG_COMPILER_GLOBAL_ACCENT_COLOR_NAME = AccentColor;
				CODE_SIGN_ENTITLEMENTS = Septena/SeptenaMac.entitlements;
				COMBINE_HIDPI_IMAGES = YES;
				GENERATE_INFOPLIST_FILE = NO;
				INFOPLIST_FILE = "Septena/Info-Mac.plist";
				LD_RUNPATH_SEARCH_PATHS = (
					"$(inherited)",
					"@executable_path/../Frameworks",
				);
				PRODUCT_BUNDLE_IDENTIFIER = com.septena.cloud.mac;
				SDKROOT = macosx;
			};
			name = Release;
		};
		9BE4A3B6E9EAF1CD39BEE937 /* Debug */ = {
			isa = XCBuildConfiguration;
			buildSettings = {
				ASSETCATALOG_COMPILER_APPICON_NAME = AppIcon;
				ASSETCATALOG_COMPILER_GLOBAL_ACCENT_COLOR_NAME = AccentColor;
				CODE_SIGN_ENTITLEMENTS = Septena/Septena.entitlements;
				CODE_SIGN_IDENTITY = "iPhone Developer";
				GENERATE_INFOPLIST_FILE = NO;
				INFOPLIST_FILE = Septena/Info.plist;
				LD_RUNPATH_SEARCH_PATHS = (
					"$(inherited)",
					"@executable_path/Frameworks",
				);
				PRODUCT_BUNDLE_IDENTIFIER = com.septena.cloud;
				SDKROOT = iphoneos;
				TARGETED_DEVICE_FAMILY = "1,2";
			};
			name = Debug;
		};
		FA26D50155DD0F9D92E7AD12 /* Debug */ = {
			isa = XCBuildConfiguration;
			buildSettings = {
				ALWAYS_SEARCH_USER_PATHS = NO;
				CLANG_ANALYZER_NONNULL = YES;
				CLANG_ANALYZER_NUMBER_OBJECT_CONVERSION = YES_AGGRESSIVE;
				CLANG_CXX_LANGUAGE_STANDARD = "gnu++14";
				CLANG_CXX_LIBRARY = "libc++";
				CLANG_ENABLE_MODULES = YES;
				CLANG_ENABLE_OBJC_ARC = YES;
				CLANG_ENABLE_OBJC_WEAK = YES;
				CLANG_WARN_BLOCK_CAPTURE_AUTORELEASING = YES;
				CLANG_WARN_BOOL_CONVERSION = YES;
				CLANG_WARN_COMMA = YES;
				CLANG_WARN_CONSTANT_CONVERSION = YES;
				CLANG_WARN_DEPRECATED_OBJC_IMPLEMENTATIONS = YES;
				CLANG_WARN_DIRECT_OBJC_ISA_USAGE = YES_ERROR;
				CLANG_WARN_DOCUMENTATION_COMMENTS = YES;
				CLANG_WARN_EMPTY_BODY = YES;
				CLANG_WARN_ENUM_CONVERSION = YES;
				CLANG_WARN_INFINITE_RECURSION = YES;
				CLANG_WARN_INT_CONVERSION = YES;
				CLANG_WARN_NON_LITERAL_NULL_CONVERSION = YES;
				CLANG_WARN_OBJC_IMPLICIT_RETAIN_SELF = YES;
				CLANG_WARN_OBJC_LITERAL_CONVERSION = YES;
				CLANG_WARN_OBJC_ROOT_CLASS = YES_ERROR;
				CLANG_WARN_QUOTED_INCLUDE_IN_FRAMEWORK_HEADER = YES;
				CLANG_WARN_RANGE_LOOP_ANALYSIS = YES;
				CLANG_WARN_STRICT_PROTOTYPES = YES;
				CLANG_WARN_SUSPICIOUS_MOVE = YES;
				CLANG_WARN_UNGUARDED_AVAILABILITY = YES_AGGRESSIVE;
				CLANG_WARN_UNREACHABLE_CODE = YES;
				CLANG_WARN__DUPLICATE_METHOD_MATCH = YES;
				CODE_SIGN_IDENTITY = "";
				CODE_SIGN_STYLE = Automatic;
				COPY_PHASE_STRIP = NO;
				CURRENT_PROJECT_VERSION = 1;
				DEBUG_INFORMATION_FORMAT = dwarf;
				DEVELOPMENT_TEAM = "";
				ENABLE_STRICT_OBJC_MSGSEND = YES;
				ENABLE_TESTABILITY = YES;
				GCC_C_LANGUAGE_STANDARD = gnu11;
				GCC_DYNAMIC_NO_PIC = NO;
				GCC_NO_COMMON_BLOCKS = YES;
				GCC_OPTIMIZATION_LEVEL = 0;
				GCC_PREPROCESSOR_DEFINITIONS = (
					"$(inherited)",
					"DEBUG=1",
				);
				GCC_WARN_64_TO_32_BIT_CONVERSION = YES;
				GCC_WARN_ABOUT_RETURN_TYPE = YES_ERROR;
				GCC_WARN_UNDECLARED_SELECTOR = YES;
				GCC_WARN_UNINITIALIZED_AUTOS = YES_AGGRESSIVE;
				GCC_WARN_UNUSED_FUNCTION = YES;
				GCC_WARN_UNUSED_VARIABLE = YES;
				INFOPLIST_KEY_UIApplicationSceneManifest_Generation = YES;
				INFOPLIST_KEY_UIApplicationSupportsIndirectInputEvents = YES;
				INFOPLIST_KEY_UILaunchScreen_Generation = YES;
				INFOPLIST_KEY_UISupportedInterfaceOrientations_iPad = "UIInterfaceOrientationPortrait UIInterfaceOrientationPortraitUpsideDown UIInterfaceOrientationLandscapeLeft UIInterfaceOrientationLandscapeRight";
				INFOPLIST_KEY_UISupportedInterfaceOrientations_iPhone = "UIInterfaceOrientationPortrait UIInterfaceOrientationLandscapeLeft UIInterfaceOrientationLandscapeRight";
				IPHONEOS_DEPLOYMENT_TARGET = 26.0;
				MACOSX_DEPLOYMENT_TARGET = 26.0;
				MARKETING_VERSION = 0.1.0;
				MTL_ENABLE_DEBUG_INFO = INCLUDE_SOURCE;
				MTL_FAST_MATH = YES;
				ONLY_ACTIVE_ARCH = YES;
				PRODUCT_NAME = "$(TARGET_NAME)";
				SWIFT_ACTIVE_COMPILATION_CONDITIONS = DEBUG;
				SWIFT_OPTIMIZATION_LEVEL = "-Onone";
				SWIFT_STRICT_CONCURRENCY = minimal;
				SWIFT_VERSION = 5.10;
			};
			name = Debug;
		};
/* End XCBuildConfiguration section */

/* Begin XCConfigurationList section */
		431DB537665EFA9DB4BAD4D2 /* Build configuration list for PBXNativeTarget "SeptenaMac" */ = {
			isa = XCConfigurationList;
			buildConfigurations = (
				71FC6DAF7647669E7FCF900F /* Debug */,
				76EDDC69B856BB8BABDA6C01 /* Release */,
			);
			defaultConfigurationIsVisible = 0;
			defaultConfigurationName = Debug;
		};
		D5CFABB79F2461F76A2D3ECE /* Build configuration list for PBXProject "Septena" */ = {
			isa = XCConfigurationList;
			buildConfigurations = (
				FA26D50155DD0F9D92E7AD12 /* Debug */,
				4F85311253218416DE2E9045 /* Release */,
			);
			defaultConfigurationIsVisible = 0;
			defaultConfigurationName = Debug;
		};
		E685B8997C4839865950E138 /* Build configuration list for PBXNativeTarget "Septena" */ = {
			isa = XCConfigurationList;
			buildConfigurations = (
				9BE4A3B6E9EAF1CD39BEE937 /* Debug */,
				4DCBD62CA0FADEA5D8B9E21E /* Release */,
			);
			defaultConfigurationIsVisible = 0;
			defaultConfigurationName = Debug;
		};
/* End XCConfigurationList section */
	};
	rootObject = 3A81108521AE358318C77A50 /* Project object */;
}
